
Microsoft Visual Studio Solution File, Format Version 12.00
# Visual Studio Version 17
VisualStudioVersion = 17.10.35201.131
MinimumVisualStudioVersion = 10.0.40219.1
Project("{9A19103F-16F7-4668-BE54-9A1E7A4F7556}") = "Shopping.API", "Shopping.API\Shopping.API.csproj", "{8886B722-1045-4D6F-BA3D-17683B57F893}"
EndProject
Project("{9A19103F-16F7-4668-BE54-9A1E7A4F7556}") = "Shopping.Client", "Shopping.Client\Shopping.Client.csproj", "{D21A1B7D-FE68-4BB4-B1BE-DA0F6B1C6C3E}"
EndProject
Project("{E53339B2-1760-4266-BCC7-CA923CBCF16C}") = "docker-compose", "docker-compose.dcproj", "{FC33DA20-A9C5-4E63-A475-FE92BF2DB77E}"
EndProject
Global
	GlobalSection(SolutionConfigurationPlatforms) = preSolution
		Debug|Any CPU = Debug|Any CPU
		Release|Any CPU = Release|Any CPU
	EndGlobalSection
	GlobalSection(ProjectConfigurationPlatforms) = postSolution
		{8886B722-1045-4D6F-BA3D-17683B57F893}.Debug|Any CPU.ActiveCfg = Debug|Any CPU
		{8886B722-1045-4D6F-BA3D-17683B57F893}.Debug|Any CPU.Build.0 = Debug|Any CPU
		{8886B722-1045-4D6F-BA3D-17683B57F893}.Release|Any CPU.ActiveCfg = Release|Any CPU
		{8886B722-1045-4D6F-BA3D-17683B57F893}.Release|Any CPU.Build.0 = Release|Any CPU
		{D21A1B7D-FE68-4BB4-B1BE-DA0F6B1C6C3E}.Debug|Any CPU.ActiveCfg = Debug|Any CPU
		{D21A1B7D-FE68-4BB4-B1BE-DA0F6B1C6C3E}.Debug|Any CPU.Build.0 = Debug|Any CPU
		{D21A1B7D-FE68-4BB4-B1BE-DA0F6B1C6C3E}.Release|Any CPU.ActiveCfg = Release|Any CPU
		{D21A1B7D-FE68-4BB4-B1BE-DA0F6B1C6C3E}.Release|Any CPU.Build.0 = Release|Any CPU
		{FC33DA20-A9C5-4E63-A475-FE92BF2DB77E}.Debug|Any CPU.ActiveCfg = Debug|Any CPU
		{FC33DA20-A9C5-4E63-A475-FE92BF2DB77E}.Debug|Any CPU.Build.0 = Debug|Any CPU
		{FC33DA20-A9C5-4E63-A475-FE92BF2DB77E}.Release|Any CPU.ActiveCfg = Release|Any CPU
		{FC33DA20-A9C5-4E63-A475-FE92BF2DB77E}.Release|Any CPU.Build.0 = Release|Any CPU
	EndGlobalSection
	GlobalSection(SolutionProperties) = preSolution
		HideSolutionNode = FALSE
	EndGlobalSection
	GlobalSection(ExtensibilityGlobals) = postSolution
		SolutionGuid = {70A2E5FB-524F-42C1-A36C-1D5DC63E050B}
	EndGlobalSection
EndGlobal
